
Microsoft Visual Studio Solution File, Format Version 12.00
# Visual Studio Version 17
VisualStudioVersion = 17.12.35506.116
MinimumVisualStudioVersion = 10.0.40219.1
Project("{FAE04EC0-301F-11D3-BF4B-00C04F79EFBC}") = "RestaurantManagementApp.DbService", "RestaurantManagementApp.DbService\RestaurantManagementApp.DbService.csproj", "{A01CC4C8-3E93-429D-A606-B517809B2346}"
EndProject
Project("{FAE04EC0-301F-11D3-BF4B-00C04F79EFBC}") = "RestaurantManagementApp.Api", "RestaurantManagementApp.Api\RestaurantManagementApp.Api.csproj", "{02F35AF5-F687-48F6-BE9E-45F78C21F5E9}"
EndProject
Project("{FAE04EC0-301F-11D3-BF4B-00C04F79EFBC}") = "RestaurantManagementApp.Modules", "RestaurantManagementApp.Modules\RestaurantManagementApp.Modules.csproj", "{79D3B106-3B4B-49CC-8206-74D8B0A1FD16}"
EndProject
Project("{FAE04EC0-301F-11D3-BF4B-00C04F79EFBC}") = "RestaurantManagementApp.Dtos", "RestaurantManagementApp.Dtos\RestaurantManagementApp.Dtos.csproj", "{FC9483A0-69AD-49CB-8F54-00FE7BD4FA01}"
EndProject
Project("{FAE04EC0-301F-11D3-BF4B-00C04F79EFBC}") = "RestaurantManagementApp.Extension", "RestaurantManagementApp.Extension\RestaurantManagementApp.Extension.csproj", "{1C4A72E0-54C9-4D04-834E-F9856BA27831}"
EndProject
Project("{FAE04EC0-301F-11D3-BF4B-00C04F79EFBC}") = "RestaurantManagementApp.Utils", "RestaurantManagementApp.Utils\RestaurantManagementApp.Utils.csproj", "{7EC6278E-C58C-4A7E-90D2-AF2F3DAFD71B}"
EndProject
Project("{FAE04EC0-301F-11D3-BF4B-00C04F79EFBC}") = "RestaurantManagementApp.Shared", "RestaurantManagementApp.Shared\RestaurantManagementApp.Shared.csproj", "{511A9DAF-3428-476C-9E8C-0653FEA4ABF9}"
EndProject
Global
	GlobalSection(SolutionConfigurationPlatforms) = preSolution
		Debug|Any CPU = Debug|Any CPU
		Release|Any CPU = Release|Any CPU
	EndGlobalSection
	GlobalSection(ProjectConfigurationPlatforms) = postSolution
		{A01CC4C8-3E93-429D-A606-B517809B2346}.Debug|Any CPU.ActiveCfg = Debug|Any CPU
		{A01CC4C8-3E93-429D-A606-B517809B2346}.Debug|Any CPU.Build.0 = Debug|Any CPU
		{A01CC4C8-3E93-429D-A606-B517809B2346}.Release|Any CPU.ActiveCfg = Release|Any CPU
		{A01CC4C8-3E93-429D-A606-B517809B2346}.Release|Any CPU.Build.0 = Release|Any CPU
		{02F35AF5-F687-48F6-BE9E-45F78C21F5E9}.Debug|Any CPU.ActiveCfg = Debug|Any CPU
		{02F35AF5-F687-48F6-BE9E-45F78C21F5E9}.Debug|Any CPU.Build.0 = Debug|Any CPU
		{02F35AF5-F687-48F6-BE9E-45F78C21F5E9}.Release|Any CPU.ActiveCfg = Release|Any CPU
		{02F35AF5-F687-48F6-BE9E-45F78C21F5E9}.Release|Any CPU.Build.0 = Release|Any CPU
		{79D3B106-3B4B-49CC-8206-74D8B0A1FD16}.Debug|Any CPU.ActiveCfg = Debug|Any CPU
		{79D3B106-3B4B-49CC-8206-74D8B0A1FD16}.Debug|Any CPU.Build.0 = Debug|Any CPU
		{79D3B106-3B4B-49CC-8206-74D8B0A1FD16}.Release|Any CPU.ActiveCfg = Release|Any CPU
		{79D3B106-3B4B-49CC-8206-74D8B0A1FD16}.Release|Any CPU.Build.0 = Release|Any CPU
		{FC9483A0-69AD-49CB-8F54-00FE7BD4FA01}.Debug|Any CPU.ActiveCfg = Debug|Any CPU
		{FC9483A0-69AD-49CB-8F54-00FE7BD4FA01}.Debug|Any CPU.Build.0 = Debug|Any CPU
		{FC9483A0-69AD-49CB-8F54-00FE7BD4FA01}.Release|Any CPU.ActiveCfg = Release|Any CPU
		{FC9483A0-69AD-49CB-8F54-00FE7BD4FA01}.Release|Any CPU.Build.0 = Release|Any CPU
		{1C4A72E0-54C9-4D04-834E-F9856BA27831}.Debug|Any CPU.ActiveCfg = Debug|Any CPU
		{1C4A72E0-54C9-4D04-834E-F9856BA27831}.Debug|Any CPU.Build.0 = Debug|Any CPU
		{1C4A72E0-54C9-4D04-834E-F9856BA27831}.Release|Any CPU.ActiveCfg = Release|Any CPU
		{1C4A72E0-54C9-4D04-834E-F9856BA27831}.Release|Any CPU.Build.0 = Release|Any CPU
		{7EC6278E-C58C-4A7E-90D2-AF2F3DAFD71B}.Debug|Any CPU.ActiveCfg = Debug|Any CPU
		{7EC6278E-C58C-4A7E-90D2-AF2F3DAFD71B}.Debug|Any CPU.Build.0 = Debug|Any CPU
		{7EC6278E-C58C-4A7E-90D2-AF2F3DAFD71B}.Release|Any CPU.ActiveCfg = Release|Any CPU
		{7EC6278E-C58C-4A7E-90D2-AF2F3DAFD71B}.Release|Any CPU.Build.0 = Release|Any CPU
		{511A9DAF-3428-476C-9E8C-0653FEA4ABF9}.Debug|Any CPU.ActiveCfg = Debug|Any CPU
		{511A9DAF-3428-476C-9E8C-0653FEA4ABF9}.Debug|Any CPU.Build.0 = Debug|Any CPU
		{511A9DAF-3428-476C-9E8C-0653FEA4ABF9}.Release|Any CPU.ActiveCfg = Release|Any CPU
		{511A9DAF-3428-476C-9E8C-0653FEA4ABF9}.Release|Any CPU.Build.0 = Release|Any CPU
	EndGlobalSection
	GlobalSection(SolutionProperties) = preSolution
		HideSolutionNode = FALSE
	EndGlobalSection
EndGlobal
